// !$*UTF8*$!
{
	archiveVersion = 1;
	classes = {
	};
	objectVersion = 56;
	objects = {

/* Begin PBXBuildFile section */
		84B806562BB1DE0600B82A18 /* AppDelegate.swift in Sources */ = {isa = PBXBuildFile; fileRef = 84B806552BB1DE0600B82A18 /* AppDelegate.swift */; };
		84B806582BB1DE0600B82A18 /* SceneDelegate.swift in Sources */ = {isa = PBXBuildFile; fileRef = 84B806572BB1DE0600B82A18 /* SceneDelegate.swift */; };
		84B8065F2BB1DE0700B82A18 /* Assets.xcassets in Resources */ = {isa = PBXBuildFile; fileRef = 84B8065E2BB1DE0700B82A18 /* Assets.xcassets */; };
		84B806742BB1E51000B82A18 /* StartInteractor.swift in Sources */ = {isa = PBXBuildFile; fileRef = 84B8066A2BB1E51000B82A18 /* StartInteractor.swift */; };
		84B806752BB1E51000B82A18 /* StartProtocols.swift in Sources */ = {isa = PBXBuildFile; fileRef = 84B8066B2BB1E51000B82A18 /* StartProtocols.swift */; };
		84B806762BB1E51000B82A18 /* StartPresenter.swift in Sources */ = {isa = PBXBuildFile; fileRef = 84B8066C2BB1E51000B82A18 /* StartPresenter.swift */; };
		84B806772BB1E51000B82A18 /* StartViewController.swift in Sources */ = {isa = PBXBuildFile; fileRef = 84B8066D2BB1E51000B82A18 /* StartViewController.swift */; };
		84B806782BB1E51000B82A18 /* StartRouter.swift in Sources */ = {isa = PBXBuildFile; fileRef = 84B8066E2BB1E51000B82A18 /* StartRouter.swift */; };
		84B8067C2BB1E51000B82A18 /* StartConfigurator.swift in Sources */ = {isa = PBXBuildFile; fileRef = 84B806732BB1E51000B82A18 /* StartConfigurator.swift */; };
		84B8067F2BB1E9F900B82A18 /* UIViewController + ext.swift in Sources */ = {isa = PBXBuildFile; fileRef = 84B8067E2BB1E9F900B82A18 /* UIViewController + ext.swift */; };
		84B806822BB1EACF00B82A18 /* UIColor + ext.swift in Sources */ = {isa = PBXBuildFile; fileRef = 84B806812BB1EACF00B82A18 /* UIColor + ext.swift */; };
		84B806842BB1EB0300B82A18 /* AppAssembly.swift in Sources */ = {isa = PBXBuildFile; fileRef = 84B806832BB1EB0300B82A18 /* AppAssembly.swift */; };
		84B806882BB1F7C000B82A18 /* Colors.swift in Sources */ = {isa = PBXBuildFile; fileRef = 84B806872BB1F7C000B82A18 /* Colors.swift */; };
		84B8068A2BB1F99900B82A18 /* Fonts.swift in Sources */ = {isa = PBXBuildFile; fileRef = 84B806892BB1F99900B82A18 /* Fonts.swift */; };
		84B8068C2BB1FADB00B82A18 /* Strings.swift in Sources */ = {isa = PBXBuildFile; fileRef = 84B8068B2BB1FADB00B82A18 /* Strings.swift */; };
		84B8068E2BB2A8F800B82A18 /* StartVC + ext.swift in Sources */ = {isa = PBXBuildFile; fileRef = 84B8068D2BB2A8F800B82A18 /* StartVC + ext.swift */; };
		84B806912BB2B23500B82A18 /* InputField.swift in Sources */ = {isa = PBXBuildFile; fileRef = 84B806902BB2B23500B82A18 /* InputField.swift */; };
		84B806932BB2D19E00B82A18 /* UIButton + ext.swift in Sources */ = {isa = PBXBuildFile; fileRef = 84B806922BB2D19E00B82A18 /* UIButton + ext.swift */; };
		84B806962BB33B4300B82A18 /* SimulateProtocols.swift in Sources */ = {isa = PBXBuildFile; fileRef = 84B806952BB33B4300B82A18 /* SimulateProtocols.swift */; };
		84B806982BB33B9000B82A18 /* SimulateViewController.swift in Sources */ = {isa = PBXBuildFile; fileRef = 84B806972BB33B9000B82A18 /* SimulateViewController.swift */; };
		84B8069A2BB33BF900B82A18 /* SimulateConfigurator.swift in Sources */ = {isa = PBXBuildFile; fileRef = 84B806992BB33BF900B82A18 /* SimulateConfigurator.swift */; };
		84B8069C2BB33C4500B82A18 /* SimulatePresenter.swift in Sources */ = {isa = PBXBuildFile; fileRef = 84B8069B2BB33C4500B82A18 /* SimulatePresenter.swift */; };
		84B8069E2BB33D6400B82A18 /* SimulateInteractor.swift in Sources */ = {isa = PBXBuildFile; fileRef = 84B8069D2BB33D6400B82A18 /* SimulateInteractor.swift */; };
		84B806A02BB33DAD00B82A18 /* SimulateRouter.swift in Sources */ = {isa = PBXBuildFile; fileRef = 84B8069F2BB33DAD00B82A18 /* SimulateRouter.swift */; };
		84B806A32BB346EE00B82A18 /* HumanCell.swift in Sources */ = {isa = PBXBuildFile; fileRef = 84B806A22BB346EE00B82A18 /* HumanCell.swift */; };
		84B806A52BB34A5200B82A18 /* SimulateVCLayouts.swift in Sources */ = {isa = PBXBuildFile; fileRef = 84B806A42BB34A5200B82A18 /* SimulateVCLayouts.swift */; };
		84B806A72BB34AE000B82A18 /* SimulateVC + ext.swift in Sources */ = {isa = PBXBuildFile; fileRef = 84B806A62BB34AE000B82A18 /* SimulateVC + ext.swift */; };
		84B806AC2BB3566900B82A18 /* HeaderAndCount.swift in Sources */ = {isa = PBXBuildFile; fileRef = 84B806AB2BB3566900B82A18 /* HeaderAndCount.swift */; };
		84B806AE2BB4520C00B82A18 /* Array + ext.swift in Sources */ = {isa = PBXBuildFile; fileRef = 84B806AD2BB4520C00B82A18 /* Array + ext.swift */; };
		84B806B02BB4752500B82A18 /* Helpers.swift in Sources */ = {isa = PBXBuildFile; fileRef = 84B806AF2BB4752500B82A18 /* Helpers.swift */; };
/* End PBXBuildFile section */

/* Begin PBXFileReference section */
		84B806522BB1DE0600B82A18 /* Plague.app */ = {isa = PBXFileReference; explicitFileType = wrapper.application; includeInIndex = 0; path = Plague.app; sourceTree = BUILT_PRODUCTS_DIR; };
		84B806552BB1DE0600B82A18 /* AppDelegate.swift */ = {isa = PBXFileReference; lastKnownFileType = sourcecode.swift; path = AppDelegate.swift; sourceTree = "<group>"; };
		84B806572BB1DE0600B82A18 /* SceneDelegate.swift */ = {isa = PBXFileReference; lastKnownFileType = sourcecode.swift; path = SceneDelegate.swift; sourceTree = "<group>"; };
		84B8065E2BB1DE0700B82A18 /* Assets.xcassets */ = {isa = PBXFileReference; lastKnownFileType = folder.assetcatalog; path = Assets.xcassets; sourceTree = "<group>"; };
		84B806632BB1DE0700B82A18 /* Info.plist */ = {isa = PBXFileReference; lastKnownFileType = text.plist.xml; path = Info.plist; sourceTree = "<group>"; };
		84B8066A2BB1E51000B82A18 /* StartInteractor.swift */ = {isa = PBXFileReference; fileEncoding = 4; lastKnownFileType = sourcecode.swift; path = StartInteractor.swift; sourceTree = "<group>"; };
		84B8066B2BB1E51000B82A18 /* StartProtocols.swift */ = {isa = PBXFileReference; fileEncoding = 4; lastKnownFileType = sourcecode.swift; path = StartProtocols.swift; sourceTree = "<group>"; };
		84B8066C2BB1E51000B82A18 /* StartPresenter.swift */ = {isa = PBXFileReference; fileEncoding = 4; lastKnownFileType = sourcecode.swift; path = StartPresenter.swift; sourceTree = "<group>"; };
		84B8066D2BB1E51000B82A18 /* StartViewController.swift */ = {isa = PBXFileReference; fileEncoding = 4; lastKnownFileType = sourcecode.swift; path = StartViewController.swift; sourceTree = "<group>"; };
		84B8066E2BB1E51000B82A18 /* StartRouter.swift */ = {isa = PBXFileReference; fileEncoding = 4; lastKnownFileType = sourcecode.swift; path = StartRouter.swift; sourceTree = "<group>"; };
		84B806732BB1E51000B82A18 /* StartConfigurator.swift */ = {isa = PBXFileReference; fileEncoding = 4; lastKnownFileType = sourcecode.swift; path = StartConfigurator.swift; sourceTree = "<group>"; };
		84B8067E2BB1E9F900B82A18 /* UIViewController + ext.swift */ = {isa = PBXFileReference; fileEncoding = 4; lastKnownFileType = sourcecode.swift; path = "UIViewController + ext.swift"; sourceTree = "<group>"; };
		84B806812BB1EACF00B82A18 /* UIColor + ext.swift */ = {isa = PBXFileReference; fileEncoding = 4; lastKnownFileType = sourcecode.swift; path = "UIColor + ext.swift"; sourceTree = "<group>"; };
		84B806832BB1EB0300B82A18 /* AppAssembly.swift */ = {isa = PBXFileReference; fileEncoding = 4; lastKnownFileType = sourcecode.swift; path = AppAssembly.swift; sourceTree = "<group>"; };
		84B806872BB1F7C000B82A18 /* Colors.swift */ = {isa = PBXFileReference; lastKnownFileType = sourcecode.swift; path = Colors.swift; sourceTree = "<group>"; };
		84B806892BB1F99900B82A18 /* Fonts.swift */ = {isa = PBXFileReference; lastKnownFileType = sourcecode.swift; path = Fonts.swift; sourceTree = "<group>"; };
		84B8068B2BB1FADB00B82A18 /* Strings.swift */ = {isa = PBXFileReference; lastKnownFileType = sourcecode.swift; path = Strings.swift; sourceTree = "<group>"; };
		84B8068D2BB2A8F800B82A18 /* StartVC + ext.swift */ = {isa = PBXFileReference; lastKnownFileType = sourcecode.swift; path = "StartVC + ext.swift"; sourceTree = "<group>"; };
		84B806902BB2B23500B82A18 /* InputField.swift */ = {isa = PBXFileReference; lastKnownFileType = sourcecode.swift; path = InputField.swift; sourceTree = "<group>"; };
		84B806922BB2D19E00B82A18 /* UIButton + ext.swift */ = {isa = PBXFileReference; lastKnownFileType = sourcecode.swift; path = "UIButton + ext.swift"; sourceTree = "<group>"; };
		84B806952BB33B4300B82A18 /* SimulateProtocols.swift */ = {isa = PBXFileReference; lastKnownFileType = sourcecode.swift; path = SimulateProtocols.swift; sourceTree = "<group>"; };
		84B806972BB33B9000B82A18 /* SimulateViewController.swift */ = {isa = PBXFileReference; lastKnownFileType = sourcecode.swift; path = SimulateViewController.swift; sourceTree = "<group>"; };
		84B806992BB33BF900B82A18 /* SimulateConfigurator.swift */ = {isa = PBXFileReference; lastKnownFileType = sourcecode.swift; path = SimulateConfigurator.swift; sourceTree = "<group>"; };
		84B8069B2BB33C4500B82A18 /* SimulatePresenter.swift */ = {isa = PBXFileReference; lastKnownFileType = sourcecode.swift; path = SimulatePresenter.swift; sourceTree = "<group>"; };
		84B8069D2BB33D6400B82A18 /* SimulateInteractor.swift */ = {isa = PBXFileReference; lastKnownFileType = sourcecode.swift; path = SimulateInteractor.swift; sourceTree = "<group>"; };
		84B8069F2BB33DAD00B82A18 /* SimulateRouter.swift */ = {isa = PBXFileReference; lastKnownFileType = sourcecode.swift; path = SimulateRouter.swift; sourceTree = "<group>"; };
		84B806A22BB346EE00B82A18 /* HumanCell.swift */ = {isa = PBXFileReference; lastKnownFileType = sourcecode.swift; path = HumanCell.swift; sourceTree = "<group>"; };
		84B806A42BB34A5200B82A18 /* SimulateVCLayouts.swift */ = {isa = PBXFileReference; lastKnownFileType = sourcecode.swift; path = SimulateVCLayouts.swift; sourceTree = "<group>"; };
		84B806A62BB34AE000B82A18 /* SimulateVC + ext.swift */ = {isa = PBXFileReference; lastKnownFileType = sourcecode.swift; path = "SimulateVC + ext.swift"; sourceTree = "<group>"; };
		84B806AB2BB3566900B82A18 /* HeaderAndCount.swift */ = {isa = PBXFileReference; lastKnownFileType = sourcecode.swift; path = HeaderAndCount.swift; sourceTree = "<group>"; };
		84B806AD2BB4520C00B82A18 /* Array + ext.swift */ = {isa = PBXFileReference; lastKnownFileType = sourcecode.swift; path = "Array + ext.swift"; sourceTree = "<group>"; };
		84B806AF2BB4752500B82A18 /* Helpers.swift */ = {isa = PBXFileReference; lastKnownFileType = sourcecode.swift; path = Helpers.swift; sourceTree = "<group>"; };
/* End PBXFileReference section */

/* Begin PBXFrameworksBuildPhase section */
		84B8064F2BB1DE0600B82A18 /* Frameworks */ = {
			isa = PBXFrameworksBuildPhase;
			buildActionMask = 2147483647;
			files = (
			);
			runOnlyForDeploymentPostprocessing = 0;
		};
/* End PBXFrameworksBuildPhase section */

/* Begin PBXGroup section */
		84B806492BB1DE0600B82A18 = {
			isa = PBXGroup;
			children = (
				84B806542BB1DE0600B82A18 /* Plague */,
				84B806532BB1DE0600B82A18 /* Products */,
			);
			sourceTree = "<group>";
		};
		84B806532BB1DE0600B82A18 /* Products */ = {
			isa = PBXGroup;
			children = (
				84B806522BB1DE0600B82A18 /* Plague.app */,
			);
			name = Products;
			sourceTree = "<group>";
		};
		84B806542BB1DE0600B82A18 /* Plague */ = {
			isa = PBXGroup;
			children = (
				84B806862BB1F7B300B82A18 /* Utils */,
				84B806802BB1EA0200B82A18 /* Extentions */,
				84B8067D2BB1E51600B82A18 /* Modules */,
				84B806552BB1DE0600B82A18 /* AppDelegate.swift */,
				84B806832BB1EB0300B82A18 /* AppAssembly.swift */,
				84B806572BB1DE0600B82A18 /* SceneDelegate.swift */,
				84B8065E2BB1DE0700B82A18 /* Assets.xcassets */,
				84B806632BB1DE0700B82A18 /* Info.plist */,
			);
			path = Plague;
			sourceTree = "<group>";
		};
		84B8067D2BB1E51600B82A18 /* Modules */ = {
			isa = PBXGroup;
			children = (
				84B806942BB33B2100B82A18 /* Simulate */,
				84B806852BB1F6F700B82A18 /* Start */,
			);
			path = Modules;
			sourceTree = "<group>";
		};
		84B806802BB1EA0200B82A18 /* Extentions */ = {
			isa = PBXGroup;
			children = (
				84B806812BB1EACF00B82A18 /* UIColor + ext.swift */,
				84B8067E2BB1E9F900B82A18 /* UIViewController + ext.swift */,
				84B806922BB2D19E00B82A18 /* UIButton + ext.swift */,
				84B806AD2BB4520C00B82A18 /* Array + ext.swift */,
			);
			path = Extentions;
			sourceTree = "<group>";
		};
		84B806852BB1F6F700B82A18 /* Start */ = {
			isa = PBXGroup;
			children = (
				84B8068F2BB2B22800B82A18 /* Views */,
				84B8066A2BB1E51000B82A18 /* StartInteractor.swift */,
				84B8066B2BB1E51000B82A18 /* StartProtocols.swift */,
				84B8066C2BB1E51000B82A18 /* StartPresenter.swift */,
				84B8066D2BB1E51000B82A18 /* StartViewController.swift */,
				84B8066E2BB1E51000B82A18 /* StartRouter.swift */,
				84B806732BB1E51000B82A18 /* StartConfigurator.swift */,
				84B8068D2BB2A8F800B82A18 /* StartVC + ext.swift */,
			);
			path = Start;
			sourceTree = "<group>";
		};
		84B806862BB1F7B300B82A18 /* Utils */ = {
			isa = PBXGroup;
			children = (
				84B806872BB1F7C000B82A18 /* Colors.swift */,
				84B806892BB1F99900B82A18 /* Fonts.swift */,
				84B8068B2BB1FADB00B82A18 /* Strings.swift */,
				84B806AF2BB4752500B82A18 /* Helpers.swift */,
			);
			path = Utils;
			sourceTree = "<group>";
		};
		84B8068F2BB2B22800B82A18 /* Views */ = {
			isa = PBXGroup;
			children = (
				84B806902BB2B23500B82A18 /* InputField.swift */,
			);
			path = Views;
			sourceTree = "<group>";
		};
		84B806942BB33B2100B82A18 /* Simulate */ = {
			isa = PBXGroup;
			children = (
				84B806AA2BB3565200B82A18 /* Views */,
				84B806A12BB346E500B82A18 /* Cells */,
				84B806952BB33B4300B82A18 /* SimulateProtocols.swift */,
				84B806972BB33B9000B82A18 /* SimulateViewController.swift */,
				84B806992BB33BF900B82A18 /* SimulateConfigurator.swift */,
				84B8069B2BB33C4500B82A18 /* SimulatePresenter.swift */,
				84B8069D2BB33D6400B82A18 /* SimulateInteractor.swift */,
				84B8069F2BB33DAD00B82A18 /* SimulateRouter.swift */,
				84B806A42BB34A5200B82A18 /* SimulateVCLayouts.swift */,
				84B806A62BB34AE000B82A18 /* SimulateVC + ext.swift */,
			);
			path = Simulate;
			sourceTree = "<group>";
		};
		84B806A12BB346E500B82A18 /* Cells */ = {
			isa = PBXGroup;
			children = (
				84B806A22BB346EE00B82A18 /* HumanCell.swift */,
			);
			path = Cells;
			sourceTree = "<group>";
		};
		84B806AA2BB3565200B82A18 /* Views */ = {
			isa = PBXGroup;
			children = (
				84B806AB2BB3566900B82A18 /* HeaderAndCount.swift */,
			);
			path = Views;
			sourceTree = "<group>";
		};
/* End PBXGroup section */

/* Begin PBXNativeTarget section */
		84B806512BB1DE0600B82A18 /* Plague */ = {
			isa = PBXNativeTarget;
			buildConfigurationList = 84B806662BB1DE0700B82A18 /* Build configuration list for PBXNativeTarget "Plague" */;
			buildPhases = (
				84B8064E2BB1DE0600B82A18 /* Sources */,
				84B8064F2BB1DE0600B82A18 /* Frameworks */,
				84B806502BB1DE0600B82A18 /* Resources */,
			);
			buildRules = (
			);
			dependencies = (
			);
			name = Plague;
			productName = Plague;
			productReference = 84B806522BB1DE0600B82A18 /* Plague.app */;
			productType = "com.apple.product-type.application";
		};
/* End PBXNativeTarget section */

/* Begin PBXProject section */
		84B8064A2BB1DE0600B82A18 /* Project object */ = {
			isa = PBXProject;
			attributes = {
				BuildIndependentTargetsInParallel = 1;
				LastSwiftUpdateCheck = 1430;
				LastUpgradeCheck = 1430;
				TargetAttributes = {
					84B806512BB1DE0600B82A18 = {
						CreatedOnToolsVersion = 14.3;
					};
				};
			};
			buildConfigurationList = 84B8064D2BB1DE0600B82A18 /* Build configuration list for PBXProject "Plague" */;
			compatibilityVersion = "Xcode 14.0";
			developmentRegion = en;
			hasScannedForEncodings = 0;
			knownRegions = (
				en,
				Base,
			);
			mainGroup = 84B806492BB1DE0600B82A18;
			productRefGroup = 84B806532BB1DE0600B82A18 /* Products */;
			projectDirPath = "";
			projectRoot = "";
			targets = (
				84B806512BB1DE0600B82A18 /* Plague */,
			);
		};
/* End PBXProject section */

/* Begin PBXResourcesBuildPhase section */
		84B806502BB1DE0600B82A18 /* Resources */ = {
			isa = PBXResourcesBuildPhase;
			buildActionMask = 2147483647;
			files = (
				84B8065F2BB1DE0700B82A18 /* Assets.xcassets in Resources */,
			);
			runOnlyForDeploymentPostprocessing = 0;
		};
/* End PBXResourcesBuildPhase section */

/* Begin PBXSourcesBuildPhase section */
		84B8064E2BB1DE0600B82A18 /* Sources */ = {
			isa = PBXSourcesBuildPhase;
			buildActionMask = 2147483647;
			files = (
				84B806AC2BB3566900B82A18 /* HeaderAndCount.swift in Sources */,
				84B8067C2BB1E51000B82A18 /* StartConfigurator.swift in Sources */,
				84B806882BB1F7C000B82A18 /* Colors.swift in Sources */,
				84B8069E2BB33D6400B82A18 /* SimulateInteractor.swift in Sources */,
				84B8068A2BB1F99900B82A18 /* Fonts.swift in Sources */,
				84B806782BB1E51000B82A18 /* StartRouter.swift in Sources */,
				84B806752BB1E51000B82A18 /* StartProtocols.swift in Sources */,
				84B806772BB1E51000B82A18 /* StartViewController.swift in Sources */,
				84B806B02BB4752500B82A18 /* Helpers.swift in Sources */,
				84B8068C2BB1FADB00B82A18 /* Strings.swift in Sources */,
				84B806562BB1DE0600B82A18 /* AppDelegate.swift in Sources */,
				84B8069A2BB33BF900B82A18 /* SimulateConfigurator.swift in Sources */,
				84B806AE2BB4520C00B82A18 /* Array + ext.swift in Sources */,
				84B806932BB2D19E00B82A18 /* UIButton + ext.swift in Sources */,
				84B806A32BB346EE00B82A18 /* HumanCell.swift in Sources */,
				84B806982BB33B9000B82A18 /* SimulateViewController.swift in Sources */,
				84B8069C2BB33C4500B82A18 /* SimulatePresenter.swift in Sources */,
				84B806762BB1E51000B82A18 /* StartPresenter.swift in Sources */,
				84B806582BB1DE0600B82A18 /* SceneDelegate.swift in Sources */,
				84B8068E2BB2A8F800B82A18 /* StartVC + ext.swift in Sources */,
				84B806742BB1E51000B82A18 /* StartInteractor.swift in Sources */,
				84B806962BB33B4300B82A18 /* SimulateProtocols.swift in Sources */,
				84B806842BB1EB0300B82A18 /* AppAssembly.swift in Sources */,
				84B8067F2BB1E9F900B82A18 /* UIViewController + ext.swift in Sources */,
				84B806A02BB33DAD00B82A18 /* SimulateRouter.swift in Sources */,
				84B806A52BB34A5200B82A18 /* SimulateVCLayouts.swift in Sources */,
				84B806822BB1EACF00B82A18 /* UIColor + ext.swift in Sources */,
				84B806A72BB34AE000B82A18 /* SimulateVC + ext.swift in Sources */,
				84B806912BB2B23500B82A18 /* InputField.swift in Sources */,
			);
			runOnlyForDeploymentPostprocessing = 0;
		};
/* End PBXSourcesBuildPhase section */

/* Begin XCBuildConfiguration section */
		84B806642BB1DE0700B82A18 /* Debug */ = {
			isa = XCBuildConfiguration;
			buildSettings = {
				ALWAYS_SEARCH_USER_PATHS = NO;
				CLANG_ANALYZER_NONNULL = YES;
				CLANG_ANALYZER_NUMBER_OBJECT_CONVERSION = YES_AGGRESSIVE;
				CLANG_CXX_LANGUAGE_STANDARD = "gnu++20";
				CLANG_ENABLE_MODULES = YES;
				CLANG_ENABLE_OBJC_ARC = YES;
				CLANG_ENABLE_OBJC_WEAK = YES;
				CLANG_WARN_BLOCK_CAPTURE_AUTORELEASING = YES;
				CLANG_WARN_BOOL_CONVERSION = YES;
				CLANG_WARN_COMMA = YES;
				CLANG_WARN_CONSTANT_CONVERSION = YES;
				CLANG_WARN_DEPRECATED_OBJC_IMPLEMENTATIONS = YES;
				CLANG_WARN_DIRECT_OBJC_ISA_USAGE = YES_ERROR;
				CLANG_WARN_DOCUMENTATION_COMMENTS = YES;
				CLANG_WARN_EMPTY_BODY = YES;
				CLANG_WARN_ENUM_CONVERSION = YES;
				CLANG_WARN_INFINITE_RECURSION = YES;
				CLANG_WARN_INT_CONVERSION = YES;
				CLANG_WARN_NON_LITERAL_NULL_CONVERSION = YES;
				CLANG_WARN_OBJC_IMPLICIT_RETAIN_SELF = YES;
				CLANG_WARN_OBJC_LITERAL_CONVERSION = YES;
				CLANG_WARN_OBJC_ROOT_CLASS = YES_ERROR;
				CLANG_WARN_QUOTED_INCLUDE_IN_FRAMEWORK_HEADER = YES;
				CLANG_WARN_RANGE_LOOP_ANALYSIS = YES;
				CLANG_WARN_STRICT_PROTOTYPES = YES;
				CLANG_WARN_SUSPICIOUS_MOVE = YES;
				CLANG_WARN_UNGUARDED_AVAILABILITY = YES_AGGRESSIVE;
				CLANG_WARN_UNREACHABLE_CODE = YES;
				CLANG_WARN__DUPLICATE_METHOD_MATCH = YES;
				COPY_PHASE_STRIP = NO;
				DEBUG_INFORMATION_FORMAT = dwarf;
				ENABLE_STRICT_OBJC_MSGSEND = YES;
				ENABLE_TESTABILITY = YES;
				GCC_C_LANGUAGE_STANDARD = gnu11;
				GCC_DYNAMIC_NO_PIC = NO;
				GCC_NO_COMMON_BLOCKS = YES;
				GCC_OPTIMIZATION_LEVEL = 0;
				GCC_PREPROCESSOR_DEFINITIONS = (
					"DEBUG=1",
					"$(inherited)",
				);
				GCC_WARN_64_TO_32_BIT_CONVERSION = YES;
				GCC_WARN_ABOUT_RETURN_TYPE = YES_ERROR;
				GCC_WARN_UNDECLARED_SELECTOR = YES;
				GCC_WARN_UNINITIALIZED_AUTOS = YES_AGGRESSIVE;
				GCC_WARN_UNUSED_FUNCTION = YES;
				GCC_WARN_UNUSED_VARIABLE = YES;
				IPHONEOS_DEPLOYMENT_TARGET = 16.4;
				MTL_ENABLE_DEBUG_INFO = INCLUDE_SOURCE;
				MTL_FAST_MATH = YES;
				ONLY_ACTIVE_ARCH = YES;
				SDKROOT = iphoneos;
				SWIFT_ACTIVE_COMPILATION_CONDITIONS = DEBUG;
				SWIFT_OPTIMIZATION_LEVEL = "-Onone";
			};
			name = Debug;
		};
		84B806652BB1DE0700B82A18 /* Release */ = {
			isa = XCBuildConfiguration;
			buildSettings = {
				ALWAYS_SEARCH_USER_PATHS = NO;
				CLANG_ANALYZER_NONNULL = YES;
				CLANG_ANALYZER_NUMBER_OBJECT_CONVERSION = YES_AGGRESSIVE;
				CLANG_CXX_LANGUAGE_STANDARD = "gnu++20";
				CLANG_ENABLE_MODULES = YES;
				CLANG_ENABLE_OBJC_ARC = YES;
				CLANG_ENABLE_OBJC_WEAK = YES;
				CLANG_WARN_BLOCK_CAPTURE_AUTORELEASING = YES;
				CLANG_WARN_BOOL_CONVERSION = YES;
				CLANG_WARN_COMMA = YES;
				CLANG_WARN_CONSTANT_CONVERSION = YES;
				CLANG_WARN_DEPRECATED_OBJC_IMPLEMENTATIONS = YES;
				CLANG_WARN_DIRECT_OBJC_ISA_USAGE = YES_ERROR;
				CLANG_WARN_DOCUMENTATION_COMMENTS = YES;
				CLANG_WARN_EMPTY_BODY = YES;
				CLANG_WARN_ENUM_CONVERSION = YES;
				CLANG_WARN_INFINITE_RECURSION = YES;
				CLANG_WARN_INT_CONVERSION = YES;
				CLANG_WARN_NON_LITERAL_NULL_CONVERSION = YES;
				CLANG_WARN_OBJC_IMPLICIT_RETAIN_SELF = YES;
				CLANG_WARN_OBJC_LITERAL_CONVERSION = YES;
				CLANG_WARN_OBJC_ROOT_CLASS = YES_ERROR;
				CLANG_WARN_QUOTED_INCLUDE_IN_FRAMEWORK_HEADER = YES;
				CLANG_WARN_RANGE_LOOP_ANALYSIS = YES;
				CLANG_WARN_STRICT_PROTOTYPES = YES;
				CLANG_WARN_SUSPICIOUS_MOVE = YES;
				CLANG_WARN_UNGUARDED_AVAILABILITY = YES_AGGRESSIVE;
				CLANG_WARN_UNREACHABLE_CODE = YES;
				CLANG_WARN__DUPLICATE_METHOD_MATCH = YES;
				COPY_PHASE_STRIP = NO;
				DEBUG_INFORMATION_FORMAT = "dwarf-with-dsym";
				ENABLE_NS_ASSERTIONS = NO;
				ENABLE_STRICT_OBJC_MSGSEND = YES;
				GCC_C_LANGUAGE_STANDARD = gnu11;
				GCC_NO_COMMON_BLOCKS = YES;
				GCC_WARN_64_TO_32_BIT_CONVERSION = YES;
				GCC_WARN_ABOUT_RETURN_TYPE = YES_ERROR;
				GCC_WARN_UNDECLARED_SELECTOR = YES;
				GCC_WARN_UNINITIALIZED_AUTOS = YES_AGGRESSIVE;
				GCC_WARN_UNUSED_FUNCTION = YES;
				GCC_WARN_UNUSED_VARIABLE = YES;
				IPHONEOS_DEPLOYMENT_TARGET = 16.4;
				MTL_ENABLE_DEBUG_INFO = NO;
				MTL_FAST_MATH = YES;
				SDKROOT = iphoneos;
				SWIFT_COMPILATION_MODE = wholemodule;
				SWIFT_OPTIMIZATION_LEVEL = "-O";
				VALIDATE_PRODUCT = YES;
			};
			name = Release;
		};
		84B806672BB1DE0700B82A18 /* Debug */ = {
			isa = XCBuildConfiguration;
			buildSettings = {
				ASSETCATALOG_COMPILER_APPICON_NAME = AppIcon;
				ASSETCATALOG_COMPILER_GLOBAL_ACCENT_COLOR_NAME = AccentColor;
				CODE_SIGN_STYLE = Automatic;
				CURRENT_PROJECT_VERSION = 1;
				DEVELOPMENT_TEAM = S6Y7U4524Z;
				GENERATE_INFOPLIST_FILE = YES;
				INFOPLIST_FILE = Plague/Info.plist;
				INFOPLIST_KEY_UIApplicationSupportsIndirectInputEvents = YES;
				INFOPLIST_KEY_UILaunchStoryboardName = LaunchScreen;
				INFOPLIST_KEY_UISupportedInterfaceOrientations_iPad = "UIInterfaceOrientationPortrait UIInterfaceOrientationPortraitUpsideDown UIInterfaceOrientationLandscapeLeft UIInterfaceOrientationLandscapeRight";
				INFOPLIST_KEY_UISupportedInterfaceOrientations_iPhone = "UIInterfaceOrientationPortrait UIInterfaceOrientationLandscapeLeft UIInterfaceOrientationLandscapeRight";
				LD_RUNPATH_SEARCH_PATHS = (
					"$(inherited)",
					"@executable_path/Frameworks",
				);
				MARKETING_VERSION = 1.0;
				PRODUCT_BUNDLE_IDENTIFIER = "-2.Plague";
				PRODUCT_NAME = "$(TARGET_NAME)";
				SWIFT_EMIT_LOC_STRINGS = YES;
				SWIFT_VERSION = 5.0;
				TARGETED_DEVICE_FAMILY = "1,2";
			};
			name = Debug;
		};
		84B806682BB1DE0700B82A18 /* Release */ = {
			isa = XCBuildConfiguration;
			buildSettings = {
				ASSETCATALOG_COMPILER_APPICON_NAME = AppIcon;
				ASSETCATALOG_COMPILER_GLOBAL_ACCENT_COLOR_NAME = AccentColor;
				CODE_SIGN_STYLE = Automatic;
				CURRENT_PROJECT_VERSION = 1;
				DEVELOPMENT_TEAM = S6Y7U4524Z;
				GENERATE_INFOPLIST_FILE = YES;
				INFOPLIST_FILE = Plague/Info.plist;
				INFOPLIST_KEY_UIApplicationSupportsIndirectInputEvents = YES;
				INFOPLIST_KEY_UILaunchStoryboardName = LaunchScreen;
				INFOPLIST_KEY_UISupportedInterfaceOrientations_iPad = "UIInterfaceOrientationPortrait UIInterfaceOrientationPortraitUpsideDown UIInterfaceOrientationLandscapeLeft UIInterfaceOrientationLandscapeRight";
				INFOPLIST_KEY_UISupportedInterfaceOrientations_iPhone = "UIInterfaceOrientationPortrait UIInterfaceOrientationLandscapeLeft UIInterfaceOrientationLandscapeRight";
				LD_RUNPATH_SEARCH_PATHS = (
					"$(inherited)",
					"@executable_path/Frameworks",
				);
				MARKETING_VERSION = 1.0;
				PRODUCT_BUNDLE_IDENTIFIER = "-2.Plague";
				PRODUCT_NAME = "$(TARGET_NAME)";
				SWIFT_EMIT_LOC_STRINGS = YES;
				SWIFT_VERSION = 5.0;
				TARGETED_DEVICE_FAMILY = "1,2";
			};
			name = Release;
		};
/* End XCBuildConfiguration section */

/* Begin XCConfigurationList section */
		84B8064D2BB1DE0600B82A18 /* Build configuration list for PBXProject "Plague" */ = {
			isa = XCConfigurationList;
			buildConfigurations = (
				84B806642BB1DE0700B82A18 /* Debug */,
				84B806652BB1DE0700B82A18 /* Release */,
			);
			defaultConfigurationIsVisible = 0;
			defaultConfigurationName = Release;
		};
		84B806662BB1DE0700B82A18 /* Build configuration list for PBXNativeTarget "Plague" */ = {
			isa = XCConfigurationList;
			buildConfigurations = (
				84B806672BB1DE0700B82A18 /* Debug */,
				84B806682BB1DE0700B82A18 /* Release */,
			);
			defaultConfigurationIsVisible = 0;
			defaultConfigurationName = Release;
		};
/* End XCConfigurationList section */
	};
	rootObject = 84B8064A2BB1DE0600B82A18 /* Project object */;
}
